PODS:
  - Expecta (1.0.3)
  - Expecta+Snapshots (2.0.0):
    - Expecta (~> 1.0)
    - FBSnapshotTestCase/Core (~> 2.0.3)
  - FBSnapshotTestCase/Core (2.0.6)
  - Google/Analytics (1.0.7):
    - Google/Core
    - GoogleAnalytics (~> 3.12)
  - Google/Core (1.0.7):
    - GoogleNetworkingUtilities (~> 1.0)
    - GoogleSymbolUtilities (~> 1.0)
    - GoogleUtilities (~> 1.0)
  - GoogleAnalytics (3.14.0)
  - GoogleNetworkingUtilities (1.0.0):
    - GoogleSymbolUtilities (~> 1.0)
  - GoogleSymbolUtilities (1.0.3)
  - GoogleUtilities (1.1.0):
    - GoogleSymbolUtilities (~> 1.0.0)
  - MBProgressHUD (0.9.2)
  - Onboard (2.1.7)
  - QuizzApp (0.1.1):
    - Google/Analytics (~> 1.0.0)
    - MBProgressHUD (~> 0.9.1)
    - Onboard
    - ZipArchive
  - Specta (1.0.4)
  - ZipArchive (1.4.0)

DEPENDENCIES:
  - Expecta
  - Expecta+Snapshots
  - QuizzApp (from `../`)
  - Specta

EXTERNAL SOURCES:
  QuizzApp:
    :path: ../

SPEC CHECKSUMS:
  Expecta: 9d1bff6c8b0eeee73a166a2ee898892478927a15
  Expecta+Snapshots: 29b38dd695bc72a0ed2bea833937d78df41943ba
  FBSnapshotTestCase: f53793e19b2782f2948e8597b03ec2bb5aedf5cd
  Google: 875f5a8ade86dd02e36586e4a54814843938c7f6
  GoogleAnalytics: 9be1afdb8deeac4bb5f13ca7f7d3b9db2a1f43dc
  GoogleNetworkingUtilities: 292992ab31b7b4ba32809a0e8b40e324cdfb2c0c
  GoogleSymbolUtilities: 82ad9f93d3615244b3f4ce440f5ab2515e8b4f56
  GoogleUtilities: 8ed9134debe11719097881711464752900668f10
  MBProgressHUD: 1569cf7ace17a8bac47aabfbb8580a49690386d1
  Onboard: 87648089e1b76d13b4f5bf8f7a1cdb144092f0af
  QuizzApp: 38d4ab9111966f2c036e414278ea84a9e83007d5
  Specta: 69bb134672aae190a1379ff91df07dad8dd1f869
  ZipArchive: e25a4373192673e3229ac8d6e9f64a3e5713c966

COCOAPODS: 0.39.0
